
Microsoft Visual Studio Solution File, Format Version 12.00
# Visual Studio Version 17
VisualStudioVersion = 17.2.32516.85
MinimumVisualStudioVersion = 10.0.40219.1
Project("{FAE04EC0-301F-11D3-BF4B-00C04F79EFBC}") = "RETMINSISTEM", "RETMINSISTEM.csproj", "{0F187F25-7DE7-4338-BCAC-6D88092580FB}"
EndProject
Global
	GlobalSection(SolutionConfigurationPlatforms) = preSolution
		Debug|Any CPU = Debug|Any CPU
		Release|Any CPU = Release|Any CPU
	EndGlobalSection
	GlobalSection(ProjectConfigurationPlatforms) = postSolution
		{0F187F25-7DE7-4338-BCAC-6D88092580FB}.Debug|Any CPU.ActiveCfg = Debug|Any CPU
		{0F187F25-7DE7-4338-BCAC-6D88092580FB}.Debug|Any CPU.Build.0 = Debug|Any CPU
		{0F187F25-7DE7-4338-BCAC-6D88092580FB}.Release|Any CPU.ActiveCfg = Release|Any CPU
		{0F187F25-7DE7-4338-BCAC-6D88092580FB}.Release|Any CPU.Build.0 = Release|Any CPU
	EndGlobalSection
	GlobalSection(SolutionProperties) = preSolution
		HideSolutionNode = FALSE
	EndGlobalSection
	GlobalSection(ExtensibilityGlobals) = postSolution
		SolutionGuid = {11972538-19A7-4CAE-8751-4F2DF15BE48C}
	EndGlobalSection
EndGlobal
